
Microsoft Visual Studio Solution File, Format Version 12.00
# Visual Studio Version 17
VisualStudioVersion = 17.7.34024.191
MinimumVisualStudioVersion = 10.0.40219.1
Project("{8BC9CEB8-8B4A-11D0-8D11-00A0C91BC942}") = "CarterSmithLab_3_UserandFileIO_Fall23", "CarterSmithLab_3_UserandFileIO_Fall23\CarterSmithLab_3_UserandFileIO_Fall23.vcxproj", "{822FAE1A-E66B-45F6-A791-CD4C765CFFF5}"
EndProject
Global
	GlobalSection(SolutionConfigurationPlatforms) = preSolution
		Debug|x64 = Debug|x64
		Debug|x86 = Debug|x86
		Release|x64 = Release|x64
		Release|x86 = Release|x86
	EndGlobalSection
	GlobalSection(ProjectConfigurationPlatforms) = postSolution
		{822FAE1A-E66B-45F6-A791-CD4C765CFFF5}.Debug|x64.ActiveCfg = Debug|x64
		{822FAE1A-E66B-45F6-A791-CD4C765CFFF5}.Debug|x64.Build.0 = Debug|x64
		{822FAE1A-E66B-45F6-A791-CD4C765CFFF5}.Debug|x86.ActiveCfg = Debug|Win32
		{822FAE1A-E66B-45F6-A791-CD4C765CFFF5}.Debug|x86.Build.0 = Debug|Win32
		{822FAE1A-E66B-45F6-A791-CD4C765CFFF5}.Release|x64.ActiveCfg = Release|x64
		{822FAE1A-E66B-45F6-A791-CD4C765CFFF5}.Release|x64.Build.0 = Release|x64
		{822FAE1A-E66B-45F6-A791-CD4C765CFFF5}.Release|x86.ActiveCfg = Release|Win32
		{822FAE1A-E66B-45F6-A791-CD4C765CFFF5}.Release|x86.Build.0 = Release|Win32
	EndGlobalSection
	GlobalSection(SolutionProperties) = preSolution
		HideSolutionNode = FALSE
	EndGlobalSection
	GlobalSection(ExtensibilityGlobals) = postSolution
		SolutionGuid = {0DB493F5-1AD3-413A-84EC-47A83D86DF15}
	EndGlobalSection
EndGlobal
